// !$*UTF8*$!
{
	archiveVersion = 1;
	classes = {
	};
	objectVersion = 46;
	objects = {

/* Begin PBXBuildFile section */
		E375B3E11D5330EF008D0A6C /* AppDelegate.swift in Sources */ = {isa = PBXBuildFile; fileRef = E375B3E01D5330EF008D0A6C /* AppDelegate.swift */; };
		E375B3E31D5330EF008D0A6C /* ViewController.swift in Sources */ = {isa = PBXBuildFile; fileRef = E375B3E21D5330EF008D0A6C /* ViewController.swift */; };
		E375B3E61D5330EF008D0A6C /* Main.storyboard in Resources */ = {isa = PBXBuildFile; fileRef = E375B3E41D5330EF008D0A6C /* Main.storyboard */; };
		E375B3E81D5330EF008D0A6C /* Assets.xcassets in Resources */ = {isa = PBXBuildFile; fileRef = E375B3E71D5330EF008D0A6C /* Assets.xcassets */; };
		E375B3EB1D5330EF008D0A6C /* LaunchScreen.storyboard in Resources */ = {isa = PBXBuildFile; fileRef = E375B3E91D5330EF008D0A6C /* LaunchScreen.storyboard */; };
		E375B3F61D5330EF008D0A6C /* hatena_browserTests.swift in Sources */ = {isa = PBXBuildFile; fileRef = E375B3F51D5330EF008D0A6C /* hatena_browserTests.swift */; };
		E375B4011D5330EF008D0A6C /* hatena_browserUITests.swift in Sources */ = {isa = PBXBuildFile; fileRef = E375B4001D5330EF008D0A6C /* hatena_browserUITests.swift */; };
/* End PBXBuildFile section */

/* Begin PBXContainerItemProxy section */
		E375B3F21D5330EF008D0A6C /* PBXContainerItemProxy */ = {
			isa = PBXContainerItemProxy;
			containerPortal = E375B3D51D5330EF008D0A6C /* Project object */;
			proxyType = 1;
			remoteGlobalIDString = E375B3DC1D5330EF008D0A6C;
			remoteInfo = "hatena-browser";
		};
		E375B3FD1D5330EF008D0A6C /* PBXContainerItemProxy */ = {
			isa = PBXContainerItemProxy;
			containerPortal = E375B3D51D5330EF008D0A6C /* Project object */;
			proxyType = 1;
			remoteGlobalIDString = E375B3DC1D5330EF008D0A6C;
			remoteInfo = "hatena-browser";
		};
/* End PBXContainerItemProxy section */

/* Begin PBXFileReference section */
		E375B3DD1D5330EF008D0A6C /* hatena-browser.app */ = {isa = PBXFileReference; explicitFileType = wrapper.application; includeInIndex = 0; path = "hatena-browser.app"; sourceTree = BUILT_PRODUCTS_DIR; };
		E375B3E01D5330EF008D0A6C /* AppDelegate.swift */ = {isa = PBXFileReference; lastKnownFileType = sourcecode.swift; path = AppDelegate.swift; sourceTree = "<group>"; };
		E375B3E21D5330EF008D0A6C /* ViewController.swift */ = {isa = PBXFileReference; lastKnownFileType = sourcecode.swift; path = ViewController.swift; sourceTree = "<group>"; };
		E375B3E51D5330EF008D0A6C /* Base */ = {isa = PBXFileReference; lastKnownFileType = file.storyboard; name = Base; path = Base.lproj/Main.storyboard; sourceTree = "<group>"; };
		E375B3E71D5330EF008D0A6C /* Assets.xcassets */ = {isa = PBXFileReference; lastKnownFileType = folder.assetcatalog; path = Assets.xcassets; sourceTree = "<group>"; };
		E375B3EA1D5330EF008D0A6C /* Base */ = {isa = PBXFileReference; lastKnownFileType = file.storyboard; name = Base; path = Base.lproj/LaunchScreen.storyboard; sourceTree = "<group>"; };
		E375B3EC1D5330EF008D0A6C /* Info.plist */ = {isa = PBXFileReference; lastKnownFileType = text.plist.xml; path = Info.plist; sourceTree = "<group>"; };
		E375B3F11D5330EF008D0A6C /* hatena-browserTests.xctest */ = {isa = PBXFileReference; explicitFileType = wrapper.cfbundle; includeInIndex = 0; path = "hatena-browserTests.xctest"; sourceTree = BUILT_PRODUCTS_DIR; };
		E375B3F51D5330EF008D0A6C /* hatena_browserTests.swift */ = {isa = PBXFileReference; lastKnownFileType = sourcecode.swift; path = hatena_browserTests.swift; sourceTree = "<group>"; };
		E375B3F71D5330EF008D0A6C /* Info.plist */ = {isa = PBXFileReference; lastKnownFileType = text.plist.xml; path = Info.plist; sourceTree = "<group>"; };
		E375B3FC1D5330EF008D0A6C /* hatena-browserUITests.xctest */ = {isa = PBXFileReference; explicitFileType = wrapper.cfbundle; includeInIndex = 0; path = "hatena-browserUITests.xctest"; sourceTree = BUILT_PRODUCTS_DIR; };
		E375B4001D5330EF008D0A6C /* hatena_browserUITests.swift */ = {isa = PBXFileReference; lastKnownFileType = sourcecode.swift; path = hatena_browserUITests.swift; sourceTree = "<group>"; };
		E375B4021D5330EF008D0A6C /* Info.plist */ = {isa = PBXFileReference; lastKnownFileType = text.plist.xml; path = Info.plist; sourceTree = "<group>"; };
/* End PBXFileReference section */

/* Begin PBXFrameworksBuildPhase section */
		E375B3DA1D5330EF008D0A6C /* Frameworks */ = {
			isa = PBXFrameworksBuildPhase;
			buildActionMask = 2147483647;
			files = (
			);
			runOnlyForDeploymentPostprocessing = 0;
		};
		E375B3EE1D5330EF008D0A6C /* Frameworks */ = {
			isa = PBXFrameworksBuildPhase;
			buildActionMask = 2147483647;
			files = (
			);
			runOnlyForDeploymentPostprocessing = 0;
		};
		E375B3F91D5330EF008D0A6C /* Frameworks */ = {
			isa = PBXFrameworksBuildPhase;
			buildActionMask = 2147483647;
			files = (
			);
			runOnlyForDeploymentPostprocessing = 0;
		};
/* End PBXFrameworksBuildPhase section */

/* Begin PBXGroup section */
		E375B3D41D5330EF008D0A6C = {
			isa = PBXGroup;
			children = (
				E375B3DF1D5330EF008D0A6C /* hatena-browser */,
				E375B3F41D5330EF008D0A6C /* hatena-browserTests */,
				E375B3FF1D5330EF008D0A6C /* hatena-browserUITests */,
				E375B3DE1D5330EF008D0A6C /* Products */,
			);
			sourceTree = "<group>";
		};
		E375B3DE1D5330EF008D0A6C /* Products */ = {
			isa = PBXGroup;
			children = (
				E375B3DD1D5330EF008D0A6C /* hatena-browser.app */,
				E375B3F11D5330EF008D0A6C /* hatena-browserTests.xctest */,
				E375B3FC1D5330EF008D0A6C /* hatena-browserUITests.xctest */,
			);
			name = Products;
			sourceTree = "<group>";
		};
		E375B3DF1D5330EF008D0A6C /* hatena-browser */ = {
			isa = PBXGroup;
			children = (
				E375B3E01D5330EF008D0A6C /* AppDelegate.swift */,
				E375B3E21D5330EF008D0A6C /* ViewController.swift */,
				E375B3E41D5330EF008D0A6C /* Main.storyboard */,
				E375B3E71D5330EF008D0A6C /* Assets.xcassets */,
				E375B3E91D5330EF008D0A6C /* LaunchScreen.storyboard */,
				E375B3EC1D5330EF008D0A6C /* Info.plist */,
			);
			path = "hatena-browser";
			sourceTree = "<group>";
		};
		E375B3F41D5330EF008D0A6C /* hatena-browserTests */ = {
			isa = PBXGroup;
			children = (
				E375B3F51D5330EF008D0A6C /* hatena_browserTests.swift */,
				E375B3F71D5330EF008D0A6C /* Info.plist */,
			);
			path = "hatena-browserTests";
			sourceTree = "<group>";
		};
		E375B3FF1D5330EF008D0A6C /* hatena-browserUITests */ = {
			isa = PBXGroup;
			children = (
				E375B4001D5330EF008D0A6C /* hatena_browserUITests.swift */,
				E375B4021D5330EF008D0A6C /* Info.plist */,
			);
			path = "hatena-browserUITests";
			sourceTree = "<group>";
		};
/* End PBXGroup section */

/* Begin PBXNativeTarget section */
		E375B3DC1D5330EF008D0A6C /* hatena-browser */ = {
			isa = PBXNativeTarget;
			buildConfigurationList = E375B4051D5330EF008D0A6C /* Build configuration list for PBXNativeTarget "hatena-browser" */;
			buildPhases = (
				E375B3D91D5330EF008D0A6C /* Sources */,
				E375B3DA1D5330EF008D0A6C /* Frameworks */,
				E375B3DB1D5330EF008D0A6C /* Resources */,
			);
			buildRules = (
			);
			dependencies = (
			);
			name = "hatena-browser";
			productName = "hatena-browser";
			productReference = E375B3DD1D5330EF008D0A6C /* hatena-browser.app */;
			productType = "com.apple.product-type.application";
		};
		E375B3F01D5330EF008D0A6C /* hatena-browserTests */ = {
			isa = PBXNativeTarget;
			buildConfigurationList = E375B4081D5330EF008D0A6C /* Build configuration list for PBXNativeTarget "hatena-browserTests" */;
			buildPhases = (
				E375B3ED1D5330EF008D0A6C /* Sources */,
				E375B3EE1D5330EF008D0A6C /* Frameworks */,
				E375B3EF1D5330EF008D0A6C /* Resources */,
			);
			buildRules = (
			);
			dependencies = (
				E375B3F31D5330EF008D0A6C /* PBXTargetDependency */,
			);
			name = "hatena-browserTests";
			productName = "hatena-browserTests";
			productReference = E375B3F11D5330EF008D0A6C /* hatena-browserTests.xctest */;
			productType = "com.apple.product-type.bundle.unit-test";
		};
		E375B3FB1D5330EF008D0A6C /* hatena-browserUITests */ = {
			isa = PBXNativeTarget;
			buildConfigurationList = E375B40B1D5330EF008D0A6C /* Build configuration list for PBXNativeTarget "hatena-browserUITests" */;
			buildPhases = (
				E375B3F81D5330EF008D0A6C /* Sources */,
				E375B3F91D5330EF008D0A6C /* Frameworks */,
				E375B3FA1D5330EF008D0A6C /* Resources */,
			);
			buildRules = (
			);
			dependencies = (
				E375B3FE1D5330EF008D0A6C /* PBXTargetDependency */,
			);
			name = "hatena-browserUITests";
			productName = "hatena-browserUITests";
			productReference = E375B3FC1D5330EF008D0A6C /* hatena-browserUITests.xctest */;
			productType = "com.apple.product-type.bundle.ui-testing";
		};
/* End PBXNativeTarget section */

/* Begin PBXProject section */
		E375B3D51D5330EF008D0A6C /* Project object */ = {
			isa = PBXProject;
			attributes = {
				LastSwiftUpdateCheck = 0730;
				LastUpgradeCheck = 0730;
				ORGANIZATIONNAME = continue.Ltd;
				TargetAttributes = {
					E375B3DC1D5330EF008D0A6C = {
						CreatedOnToolsVersion = 7.3;
					};
					E375B3F01D5330EF008D0A6C = {
						CreatedOnToolsVersion = 7.3;
						TestTargetID = E375B3DC1D5330EF008D0A6C;
					};
					E375B3FB1D5330EF008D0A6C = {
						CreatedOnToolsVersion = 7.3;
						TestTargetID = E375B3DC1D5330EF008D0A6C;
					};
				};
			};
			buildConfigurationList = E375B3D81D5330EF008D0A6C /* Build configuration list for PBXProject "hatena-browser" */;
			compatibilityVersion = "Xcode 3.2";
			developmentRegion = English;
			hasScannedForEncodings = 0;
			knownRegions = (
				en,
				Base,
			);
			mainGroup = E375B3D41D5330EF008D0A6C;
			productRefGroup = E375B3DE1D5330EF008D0A6C /* Products */;
			projectDirPath = "";
			projectRoot = "";
			targets = (
				E375B3DC1D5330EF008D0A6C /* hatena-browser */,
				E375B3F01D5330EF008D0A6C /* hatena-browserTests */,
				E375B3FB1D5330EF008D0A6C /* hatena-browserUITests */,
			);
		};
/* End PBXProject section */

/* Begin PBXResourcesBuildPhase section */
		E375B3DB1D5330EF008D0A6C /* Resources */ = {
			isa = PBXResourcesBuildPhase;
			buildActionMask = 2147483647;
			files = (
				E375B3EB1D5330EF008D0A6C /* LaunchScreen.storyboard in Resources */,
				E375B3E81D5330EF008D0A6C /* Assets.xcassets in Resources */,
				E375B3E61D5330EF008D0A6C /* Main.storyboard in Resources */,
			);
			runOnlyForDeploymentPostprocessing = 0;
		};
		E375B3EF1D5330EF008D0A6C /* Resources */ = {
			isa = PBXResourcesBuildPhase;
			buildActionMask = 2147483647;
			files = (
			);
			runOnlyForDeploymentPostprocessing = 0;
		};
		E375B3FA1D5330EF008D0A6C /* Resources */ = {
			isa = PBXResourcesBuildPhase;
			buildActionMask = 2147483647;
			files = (
			);
			runOnlyForDeploymentPostprocessing = 0;
		};
/* End PBXResourcesBuildPhase section */

/* Begin PBXSourcesBuildPhase section */
		E375B3D91D5330EF008D0A6C /* Sources */ = {
			isa = PBXSourcesBuildPhase;
			buildActionMask = 2147483647;
			files = (
				E375B3E31D5330EF008D0A6C /* ViewController.swift in Sources */,
				E375B3E11D5330EF008D0A6C /* AppDelegate.swift in Sources */,
			);
			runOnlyForDeploymentPostprocessing = 0;
		};
		E375B3ED1D5330EF008D0A6C /* Sources */ = {
			isa = PBXSourcesBuildPhase;
			buildActionMask = 2147483647;
			files = (
				E375B3F61D5330EF008D0A6C /* hatena_browserTests.swift in Sources */,
			);
			runOnlyForDeploymentPostprocessing = 0;
		};
		E375B3F81D5330EF008D0A6C /* Sources */ = {
			isa = PBXSourcesBuildPhase;
			buildActionMask = 2147483647;
			files = (
				E375B4011D5330EF008D0A6C /* hatena_browserUITests.swift in Sources */,
			);
			runOnlyForDeploymentPostprocessing = 0;
		};
/* End PBXSourcesBuildPhase section */

/* Begin PBXTargetDependency section */
		E375B3F31D5330EF008D0A6C /* PBXTargetDependency */ = {
			isa = PBXTargetDependency;
			target = E375B3DC1D5330EF008D0A6C /* hatena-browser */;
			targetProxy = E375B3F21D5330EF008D0A6C /* PBXContainerItemProxy */;
		};
		E375B3FE1D5330EF008D0A6C /* PBXTargetDependency */ = {
			isa = PBXTargetDependency;
			target = E375B3DC1D5330EF008D0A6C /* hatena-browser */;
			targetProxy = E375B3FD1D5330EF008D0A6C /* PBXContainerItemProxy */;
		};
/* End PBXTargetDependency section */

/* Begin PBXVariantGroup section */
		E375B3E41D5330EF008D0A6C /* Main.storyboard */ = {
			isa = PBXVariantGroup;
			children = (
				E375B3E51D5330EF008D0A6C /* Base */,
			);
			name = Main.storyboard;
			sourceTree = "<group>";
		};
		E375B3E91D5330EF008D0A6C /* LaunchScreen.storyboard */ = {
			isa = PBXVariantGroup;
			children = (
				E375B3EA1D5330EF008D0A6C /* Base */,
			);
			name = LaunchScreen.storyboard;
			sourceTree = "<group>";
		};
/* End PBXVariantGroup section */

/* Begin XCBuildConfiguration section */
		E375B4031D5330EF008D0A6C /* Debug */ = {
			isa = XCBuildConfiguration;
			buildSettings = {
				ALWAYS_SEARCH_USER_PATHS = NO;
				CLANG_ANALYZER_NONNULL = YES;
				CLANG_CXX_LANGUAGE_STANDARD = "gnu++0x";
				CLANG_CXX_LIBRARY = "libc++";
				CLANG_ENABLE_MODULES = YES;
				CLANG_ENABLE_OBJC_ARC = YES;
				CLANG_WARN_BOOL_CONVERSION = YES;
				CLANG_WARN_CONSTANT_CONVERSION = YES;
				CLANG_WARN_DIRECT_OBJC_ISA_USAGE = YES_ERROR;
				CLANG_WARN_EMPTY_BODY = YES;
				CLANG_WARN_ENUM_CONVERSION = YES;
				CLANG_WARN_INT_CONVERSION = YES;
				CLANG_WARN_OBJC_ROOT_CLASS = YES_ERROR;
				CLANG_WARN_UNREACHABLE_CODE = YES;
				CLANG_WARN__DUPLICATE_METHOD_MATCH = YES;
				"CODE_SIGN_IDENTITY[sdk=iphoneos*]" = "iPhone Developer";
				COPY_PHASE_STRIP = NO;
				DEBUG_INFORMATION_FORMAT = dwarf;
				ENABLE_STRICT_OBJC_MSGSEND = YES;
				ENABLE_TESTABILITY = YES;
				GCC_C_LANGUAGE_STANDARD = gnu99;
				GCC_DYNAMIC_NO_PIC = NO;
				GCC_NO_COMMON_BLOCKS = YES;
				GCC_OPTIMIZATION_LEVEL = 0;
				GCC_PREPROCESSOR_DEFINITIONS = (
					"DEBUG=1",
					"$(inherited)",
				);
				GCC_WARN_64_TO_32_BIT_CONVERSION = YES;
				GCC_WARN_ABOUT_RETURN_TYPE = YES_ERROR;
				GCC_WARN_UNDECLARED_SELECTOR = YES;
				GCC_WARN_UNINITIALIZED_AUTOS = YES_AGGRESSIVE;
				GCC_WARN_UNUSED_FUNCTION = YES;
				GCC_WARN_UNUSED_VARIABLE = YES;
				IPHONEOS_DEPLOYMENT_TARGET = 9.3;
				MTL_ENABLE_DEBUG_INFO = YES;
				ONLY_ACTIVE_ARCH = YES;
				SDKROOT = iphoneos;
				SWIFT_OPTIMIZATION_LEVEL = "-Onone";
				TARGETED_DEVICE_FAMILY = "1,2";
			};
			name = Debug;
		};
		E375B4041D5330EF008D0A6C /* Release */ = {
			isa = XCBuildConfiguration;
			buildSettings = {
				ALWAYS_SEARCH_USER_PATHS = NO;
				CLANG_ANALYZER_NONNULL = YES;
				CLANG_CXX_LANGUAGE_STANDARD = "gnu++0x";
				CLANG_CXX_LIBRARY = "libc++";
				CLANG_ENABLE_MODULES = YES;
				CLANG_ENABLE_OBJC_ARC = YES;
				CLANG_WARN_BOOL_CONVERSION = YES;
				CLANG_WARN_CONSTANT_CONVERSION = YES;
				CLANG_WARN_DIRECT_OBJC_ISA_USAGE = YES_ERROR;
				CLANG_WARN_EMPTY_BODY = YES;
				CLANG_WARN_ENUM_CONVERSION = YES;
				CLANG_WARN_INT_CONVERSION = YES;
				CLANG_WARN_OBJC_ROOT_CLASS = YES_ERROR;
				CLANG_WARN_UNREACHABLE_CODE = YES;
				CLANG_WARN__DUPLICATE_METHOD_MATCH = YES;
				"CODE_SIGN_IDENTITY[sdk=iphoneos*]" = "iPhone Developer";
				COPY_PHASE_STRIP = NO;
				DEBUG_INFORMATION_FORMAT = "dwarf-with-dsym";
				ENABLE_NS_ASSERTIONS = NO;
				ENABLE_STRICT_OBJC_MSGSEND = YES;
				GCC_C_LANGUAGE_STANDARD = gnu99;
				GCC_NO_COMMON_BLOCKS = YES;
				GCC_WARN_64_TO_32_BIT_CONVERSION = YES;
				GCC_WARN_ABOUT_RETURN_TYPE = YES_ERROR;
				GCC_WARN_UNDECLARED_SELECTOR = YES;
				GCC_WARN_UNINITIALIZED_AUTOS = YES_AGGRESSIVE;
				GCC_WARN_UNUSED_FUNCTION = YES;
				GCC_WARN_UNUSED_VARIABLE = YES;
				IPHONEOS_DEPLOYMENT_TARGET = 9.3;
				MTL_ENABLE_DEBUG_INFO = NO;
				SDKROOT = iphoneos;
				TARGETED_DEVICE_FAMILY = "1,2";
				VALIDATE_PRODUCT = YES;
			};
			name = Release;
		};
		E375B4061D5330EF008D0A6C /* Debug */ = {
			isa = XCBuildConfiguration;
			buildSettings = {
				ASSETCATALOG_COMPILER_APPICON_NAME = AppIcon;
				INFOPLIST_FILE = "hatena-browser/Info.plist";
				LD_RUNPATH_SEARCH_PATHS = "$(inherited) @executable_path/Frameworks";
				PRODUCT_BUNDLE_IDENTIFIER = "continue.Ltd.hatena-browser";
				PRODUCT_NAME = "$(TARGET_NAME)";
			};
			name = Debug;
		};
		E375B4071D5330EF008D0A6C /* Release */ = {
			isa = XCBuildConfiguration;
			buildSettings = {
				ASSETCATALOG_COMPILER_APPICON_NAME = AppIcon;
				INFOPLIST_FILE = "hatena-browser/Info.plist";
				LD_RUNPATH_SEARCH_PATHS = "$(inherited) @executable_path/Frameworks";
				PRODUCT_BUNDLE_IDENTIFIER = "continue.Ltd.hatena-browser";
				PRODUCT_NAME = "$(TARGET_NAME)";
			};
			name = Release;
		};
		E375B4091D5330EF008D0A6C /* Debug */ = {
			isa = XCBuildConfiguration;
			buildSettings = {
				BUNDLE_LOADER = "$(TEST_HOST)";
				INFOPLIST_FILE = "hatena-browserTests/Info.plist";
				LD_RUNPATH_SEARCH_PATHS = "$(inherited) @executable_path/Frameworks @loader_path/Frameworks";
				PRODUCT_BUNDLE_IDENTIFIER = "continue.Ltd.hatena-browserTests";
				PRODUCT_NAME = "$(TARGET_NAME)";
				TEST_HOST = "$(BUILT_PRODUCTS_DIR)/hatena-browser.app/hatena-browser";
			};
			name = Debug;
		};
		E375B40A1D5330EF008D0A6C /* Release */ = {
			isa = XCBuildConfiguration;
			buildSettings = {
				BUNDLE_LOADER = "$(TEST_HOST)";
				INFOPLIST_FILE = "hatena-browserTests/Info.plist";
				LD_RUNPATH_SEARCH_PATHS = "$(inherited) @executable_path/Frameworks @loader_path/Frameworks";
				PRODUCT_BUNDLE_IDENTIFIER = "continue.Ltd.hatena-browserTests";
				PRODUCT_NAME = "$(TARGET_NAME)";
				TEST_HOST = "$(BUILT_PRODUCTS_DIR)/hatena-browser.app/hatena-browser";
			};
			name = Release;
		};
		E375B40C1D5330EF008D0A6C /* Debug */ = {
			isa = XCBuildConfiguration;
			buildSettings = {
				INFOPLIST_FILE = "hatena-browserUITests/Info.plist";
				LD_RUNPATH_SEARCH_PATHS = "$(inherited) @executable_path/Frameworks @loader_path/Frameworks";
				PRODUCT_BUNDLE_IDENTIFIER = "continue.Ltd.hatena-browserUITests";
				PRODUCT_NAME = "$(TARGET_NAME)";
				TEST_TARGET_NAME = "hatena-browser";
			};
			name = Debug;
		};
		E375B40D1D5330EF008D0A6C /* Release */ = {
			isa = XCBuildConfiguration;
			buildSettings = {
				INFOPLIST_FILE = "hatena-browserUITests/Info.plist";
				LD_RUNPATH_SEARCH_PATHS = "$(inherited) @executable_path/Frameworks @loader_path/Frameworks";
				PRODUCT_BUNDLE_IDENTIFIER = "continue.Ltd.hatena-browserUITests";
				PRODUCT_NAME = "$(TARGET_NAME)";
				TEST_TARGET_NAME = "hatena-browser";
			};
			name = Release;
		};
/* End XCBuildConfiguration section */

/* Begin XCConfigurationList section */
		E375B3D81D5330EF008D0A6C /* Build configuration list for PBXProject "hatena-browser" */ = {
			isa = XCConfigurationList;
			buildConfigurations = (
				E375B4031D5330EF008D0A6C /* Debug */,
				E375B4041D5330EF008D0A6C /* Release */,
			);
			defaultConfigurationIsVisible = 0;
			defaultConfigurationName = Release;
		};
		E375B4051D5330EF008D0A6C /* Build configuration list for PBXNativeTarget "hatena-browser" */ = {
			isa = XCConfigurationList;
			buildConfigurations = (
				E375B4061D5330EF008D0A6C /* Debug */,
				E375B4071D5330EF008D0A6C /* Release */,
			);
			defaultConfigurationIsVisible = 0;
		};
		E375B4081D5330EF008D0A6C /* Build configuration list for PBXNativeTarget "hatena-browserTests" */ = {
			isa = XCConfigurationList;
			buildConfigurations = (
				E375B4091D5330EF008D0A6C /* Debug */,
				E375B40A1D5330EF008D0A6C /* Release */,
			);
			defaultConfigurationIsVisible = 0;
		};
		E375B40B1D5330EF008D0A6C /* Build configuration list for PBXNativeTarget "hatena-browserUITests" */ = {
			isa = XCConfigurationList;
			buildConfigurations = (
				E375B40C1D5330EF008D0A6C /* Debug */,
				E375B40D1D5330EF008D0A6C /* Release */,
			);
			defaultConfigurationIsVisible = 0;
		};
/* End XCConfigurationList section */
	};
	rootObject = E375B3D51D5330EF008D0A6C /* Project object */;
}
